// !$*UTF8*$!
{
	archiveVersion = 1;
	classes = {
	};
	objectVersion = 55;
	objects = {

/* Begin PBXBuildFile section */
		10DAE551ADFC70CB3CC1A42A /* Pods_twitter_clone_twitter_cloneUITests.framework in Frameworks */ = {isa = PBXBuildFile; fileRef = 7A5C2ABFC203617CECBD48FF /* Pods_twitter_clone_twitter_cloneUITests.framework */; };
		1B0252CF8AC1D38B6D7B92A5 /* Pods_twitter_cloneTests.framework in Frameworks */ = {isa = PBXBuildFile; fileRef = B92023826BEBDD12AE83CAA8 /* Pods_twitter_cloneTests.framework */; };
		58711A4706CA4A87B3C6EEA0 /* Pods_twitter_clone.framework in Frameworks */ = {isa = PBXBuildFile; fileRef = 5E35A919E1A4CA038BE4CB08 /* Pods_twitter_clone.framework */; };
		F427A19C29E72E1E00C3390A /* UploadTweetController.swift in Sources */ = {isa = PBXBuildFile; fileRef = F427A19B29E72E1E00C3390A /* UploadTweetController.swift */; };
		F427A19E29E7354300C3390A /* CaptionTextView.swift in Sources */ = {isa = PBXBuildFile; fileRef = F427A19D29E7354300C3390A /* CaptionTextView.swift */; };
		F427A1A029E73D1C00C3390A /* TweetService.swift in Sources */ = {isa = PBXBuildFile; fileRef = F427A19F29E73D1C00C3390A /* TweetService.swift */; };
		F427A1A229E73F6600C3390A /* Tweet.swift in Sources */ = {isa = PBXBuildFile; fileRef = F427A1A129E73F6600C3390A /* Tweet.swift */; };
		F47486FB29E6A082009D988F /* UserService.swift in Sources */ = {isa = PBXBuildFile; fileRef = F47486FA29E6A082009D988F /* UserService.swift */; };
		F47486FD29E6A6BB009D988F /* User.swift in Sources */ = {isa = PBXBuildFile; fileRef = F47486FC29E6A6BB009D988F /* User.swift */; };
		F48BEB1429E8829200AE8DC1 /* TweetCell.swift in Sources */ = {isa = PBXBuildFile; fileRef = F48BEB1329E8829200AE8DC1 /* TweetCell.swift */; };
		F48BEB1629E88EC200AE8DC1 /* TweetViewModel.swift in Sources */ = {isa = PBXBuildFile; fileRef = F48BEB1529E88EC200AE8DC1 /* TweetViewModel.swift */; };
		F4C5A60B29E5DA9F00182972 /* GoogleService-Info.plist in Resources */ = {isa = PBXBuildFile; fileRef = F4C5A60A29E5DA9F00182972 /* GoogleService-Info.plist */; };
		F4C5A60D29E5E4FF00182972 /* Constants.swift in Sources */ = {isa = PBXBuildFile; fileRef = F4C5A60C29E5E4FF00182972 /* Constants.swift */; };
		F4C5A60F29E5E96200182972 /* AuthService.swift in Sources */ = {isa = PBXBuildFile; fileRef = F4C5A60E29E5E96200182972 /* AuthService.swift */; };
		F4F1DE0A29E478B10097DBD3 /* AppDelegate.swift in Sources */ = {isa = PBXBuildFile; fileRef = F4F1DE0929E478B10097DBD3 /* AppDelegate.swift */; };
		F4F1DE0C29E478B10097DBD3 /* SceneDelegate.swift in Sources */ = {isa = PBXBuildFile; fileRef = F4F1DE0B29E478B10097DBD3 /* SceneDelegate.swift */; };
		F4F1DE1329E478B20097DBD3 /* Assets.xcassets in Resources */ = {isa = PBXBuildFile; fileRef = F4F1DE1229E478B20097DBD3 /* Assets.xcassets */; };
		F4F1DE1629E478B20097DBD3 /* LaunchScreen.storyboard in Resources */ = {isa = PBXBuildFile; fileRef = F4F1DE1429E478B20097DBD3 /* LaunchScreen.storyboard */; };
		F4F1DE2129E478B30097DBD3 /* twitter_cloneTests.swift in Sources */ = {isa = PBXBuildFile; fileRef = F4F1DE2029E478B30097DBD3 /* twitter_cloneTests.swift */; };
		F4F1DE2B29E478B30097DBD3 /* twitter_cloneUITests.swift in Sources */ = {isa = PBXBuildFile; fileRef = F4F1DE2A29E478B30097DBD3 /* twitter_cloneUITests.swift */; };
		F4F1DE2D29E478B30097DBD3 /* twitter_cloneUITestsLaunchTests.swift in Sources */ = {isa = PBXBuildFile; fileRef = F4F1DE2C29E478B30097DBD3 /* twitter_cloneUITestsLaunchTests.swift */; };
		F4F1DE4029E47A230097DBD3 /* MainTabController.swift in Sources */ = {isa = PBXBuildFile; fileRef = F4F1DE3F29E47A230097DBD3 /* MainTabController.swift */; };
		F4F1DE4229E47CB20097DBD3 /* FeedController.swift in Sources */ = {isa = PBXBuildFile; fileRef = F4F1DE4129E47CB20097DBD3 /* FeedController.swift */; };
		F4F1DE4429E47CD80097DBD3 /* ExploreController.swift in Sources */ = {isa = PBXBuildFile; fileRef = F4F1DE4329E47CD80097DBD3 /* ExploreController.swift */; };
		F4F1DE4629E47CF20097DBD3 /* NotificationsController.swift in Sources */ = {isa = PBXBuildFile; fileRef = F4F1DE4529E47CF20097DBD3 /* NotificationsController.swift */; };
		F4F1DE4829E47D080097DBD3 /* ConversationsController.swift in Sources */ = {isa = PBXBuildFile; fileRef = F4F1DE4729E47D080097DBD3 /* ConversationsController.swift */; };
		F4F1DE4A29E4876C0097DBD3 /* Extensions.swift in Sources */ = {isa = PBXBuildFile; fileRef = F4F1DE4929E4876C0097DBD3 /* Extensions.swift */; };
		F4F1DE4D29E48EDD0097DBD3 /* LoginController.swift in Sources */ = {isa = PBXBuildFile; fileRef = F4F1DE4C29E48EDD0097DBD3 /* LoginController.swift */; };
		F4F1DE4F29E48F250097DBD3 /* RegistrationController.swift in Sources */ = {isa = PBXBuildFile; fileRef = F4F1DE4E29E48F250097DBD3 /* RegistrationController.swift */; };
		F4F1DE5129E494300097DBD3 /* Utilities.swift in Sources */ = {isa = PBXBuildFile; fileRef = F4F1DE5029E494300097DBD3 /* Utilities.swift */; };
/* End PBXBuildFile section */

/* Begin PBXContainerItemProxy section */
		F4F1DE1D29E478B30097DBD3 /* PBXContainerItemProxy */ = {
			isa = PBXContainerItemProxy;
			containerPortal = F4F1DDFE29E478B10097DBD3 /* Project object */;
			proxyType = 1;
			remoteGlobalIDString = F4F1DE0529E478B10097DBD3;
			remoteInfo = "twitter-clone";
		};
		F4F1DE2729E478B30097DBD3 /* PBXContainerItemProxy */ = {
			isa = PBXContainerItemProxy;
			containerPortal = F4F1DDFE29E478B10097DBD3 /* Project object */;
			proxyType = 1;
			remoteGlobalIDString = F4F1DE0529E478B10097DBD3;
			remoteInfo = "twitter-clone";
		};
/* End PBXContainerItemProxy section */

/* Begin PBXFileReference section */
		0966AE8B7203DDE2B8C49195 /* Pods-twitter-cloneTests.release.xcconfig */ = {isa = PBXFileReference; includeInIndex = 1; lastKnownFileType = text.xcconfig; name = "Pods-twitter-cloneTests.release.xcconfig"; path = "Target Support Files/Pods-twitter-cloneTests/Pods-twitter-cloneTests.release.xcconfig"; sourceTree = "<group>"; };
		5E35A919E1A4CA038BE4CB08 /* Pods_twitter_clone.framework */ = {isa = PBXFileReference; explicitFileType = wrapper.framework; includeInIndex = 0; path = Pods_twitter_clone.framework; sourceTree = BUILT_PRODUCTS_DIR; };
		6FEFA97E510C58E5EBA8715C /* Pods-twitter-cloneTests.debug.xcconfig */ = {isa = PBXFileReference; includeInIndex = 1; lastKnownFileType = text.xcconfig; name = "Pods-twitter-cloneTests.debug.xcconfig"; path = "Target Support Files/Pods-twitter-cloneTests/Pods-twitter-cloneTests.debug.xcconfig"; sourceTree = "<group>"; };
		7A5C2ABFC203617CECBD48FF /* Pods_twitter_clone_twitter_cloneUITests.framework */ = {isa = PBXFileReference; explicitFileType = wrapper.framework; includeInIndex = 0; path = Pods_twitter_clone_twitter_cloneUITests.framework; sourceTree = BUILT_PRODUCTS_DIR; };
		82A9ED5FD3AAE9931E23B4A3 /* Pods-twitter-clone.debug.xcconfig */ = {isa = PBXFileReference; includeInIndex = 1; lastKnownFileType = text.xcconfig; name = "Pods-twitter-clone.debug.xcconfig"; path = "Target Support Files/Pods-twitter-clone/Pods-twitter-clone.debug.xcconfig"; sourceTree = "<group>"; };
		AB1ED9960865FACD0A796928 /* Pods-twitter-clone-twitter-cloneUITests.debug.xcconfig */ = {isa = PBXFileReference; includeInIndex = 1; lastKnownFileType = text.xcconfig; name = "Pods-twitter-clone-twitter-cloneUITests.debug.xcconfig"; path = "Target Support Files/Pods-twitter-clone-twitter-cloneUITests/Pods-twitter-clone-twitter-cloneUITests.debug.xcconfig"; sourceTree = "<group>"; };
		B92023826BEBDD12AE83CAA8 /* Pods_twitter_cloneTests.framework */ = {isa = PBXFileReference; explicitFileType = wrapper.framework; includeInIndex = 0; path = Pods_twitter_cloneTests.framework; sourceTree = BUILT_PRODUCTS_DIR; };
		D31615A4B191869FD6C285BB /* Pods-twitter-clone-twitter-cloneUITests.release.xcconfig */ = {isa = PBXFileReference; includeInIndex = 1; lastKnownFileType = text.xcconfig; name = "Pods-twitter-clone-twitter-cloneUITests.release.xcconfig"; path = "Target Support Files/Pods-twitter-clone-twitter-cloneUITests/Pods-twitter-clone-twitter-cloneUITests.release.xcconfig"; sourceTree = "<group>"; };
		E3CA48CDD61BAC382AD21D01 /* Pods-twitter-clone.release.xcconfig */ = {isa = PBXFileReference; includeInIndex = 1; lastKnownFileType = text.xcconfig; name = "Pods-twitter-clone.release.xcconfig"; path = "Target Support Files/Pods-twitter-clone/Pods-twitter-clone.release.xcconfig"; sourceTree = "<group>"; };
		F427A19B29E72E1E00C3390A /* UploadTweetController.swift */ = {isa = PBXFileReference; lastKnownFileType = sourcecode.swift; path = UploadTweetController.swift; sourceTree = "<group>"; };
		F427A19D29E7354300C3390A /* CaptionTextView.swift */ = {isa = PBXFileReference; lastKnownFileType = sourcecode.swift; path = CaptionTextView.swift; sourceTree = "<group>"; };
		F427A19F29E73D1C00C3390A /* TweetService.swift */ = {isa = PBXFileReference; lastKnownFileType = sourcecode.swift; path = TweetService.swift; sourceTree = "<group>"; };
		F427A1A129E73F6600C3390A /* Tweet.swift */ = {isa = PBXFileReference; lastKnownFileType = sourcecode.swift; path = Tweet.swift; sourceTree = "<group>"; };
		F47486FA29E6A082009D988F /* UserService.swift */ = {isa = PBXFileReference; lastKnownFileType = sourcecode.swift; path = UserService.swift; sourceTree = "<group>"; };
		F47486FC29E6A6BB009D988F /* User.swift */ = {isa = PBXFileReference; lastKnownFileType = sourcecode.swift; path = User.swift; sourceTree = "<group>"; };
		F48BEB1329E8829200AE8DC1 /* TweetCell.swift */ = {isa = PBXFileReference; lastKnownFileType = sourcecode.swift; path = TweetCell.swift; sourceTree = "<group>"; };
		F48BEB1529E88EC200AE8DC1 /* TweetViewModel.swift */ = {isa = PBXFileReference; lastKnownFileType = sourcecode.swift; path = TweetViewModel.swift; sourceTree = "<group>"; };
		F4C5A60A29E5DA9F00182972 /* GoogleService-Info.plist */ = {isa = PBXFileReference; fileEncoding = 4; lastKnownFileType = text.plist.xml; path = "GoogleService-Info.plist"; sourceTree = "<group>"; };
		F4C5A60C29E5E4FF00182972 /* Constants.swift */ = {isa = PBXFileReference; lastKnownFileType = sourcecode.swift; path = Constants.swift; sourceTree = "<group>"; };
		F4C5A60E29E5E96200182972 /* AuthService.swift */ = {isa = PBXFileReference; lastKnownFileType = sourcecode.swift; path = AuthService.swift; sourceTree = "<group>"; };
		F4F1DE0629E478B10097DBD3 /* twitter-clone.app */ = {isa = PBXFileReference; explicitFileType = wrapper.application; includeInIndex = 0; path = "twitter-clone.app"; sourceTree = BUILT_PRODUCTS_DIR; };
		F4F1DE0929E478B10097DBD3 /* AppDelegate.swift */ = {isa = PBXFileReference; lastKnownFileType = sourcecode.swift; path = AppDelegate.swift; sourceTree = "<group>"; };
		F4F1DE0B29E478B10097DBD3 /* SceneDelegate.swift */ = {isa = PBXFileReference; lastKnownFileType = sourcecode.swift; path = SceneDelegate.swift; sourceTree = "<group>"; };
		F4F1DE1229E478B20097DBD3 /* Assets.xcassets */ = {isa = PBXFileReference; lastKnownFileType = folder.assetcatalog; path = Assets.xcassets; sourceTree = "<group>"; };
		F4F1DE1529E478B20097DBD3 /* Base */ = {isa = PBXFileReference; lastKnownFileType = file.storyboard; name = Base; path = Base.lproj/LaunchScreen.storyboard; sourceTree = "<group>"; };
		F4F1DE1729E478B20097DBD3 /* Info.plist */ = {isa = PBXFileReference; lastKnownFileType = text.plist.xml; path = Info.plist; sourceTree = "<group>"; };
		F4F1DE1C29E478B30097DBD3 /* twitter-cloneTests.xctest */ = {isa = PBXFileReference; explicitFileType = wrapper.cfbundle; includeInIndex = 0; path = "twitter-cloneTests.xctest"; sourceTree = BUILT_PRODUCTS_DIR; };
		F4F1DE2029E478B30097DBD3 /* twitter_cloneTests.swift */ = {isa = PBXFileReference; lastKnownFileType = sourcecode.swift; path = twitter_cloneTests.swift; sourceTree = "<group>"; };
		F4F1DE2629E478B30097DBD3 /* twitter-cloneUITests.xctest */ = {isa = PBXFileReference; explicitFileType = wrapper.cfbundle; includeInIndex = 0; path = "twitter-cloneUITests.xctest"; sourceTree = BUILT_PRODUCTS_DIR; };
		F4F1DE2A29E478B30097DBD3 /* twitter_cloneUITests.swift */ = {isa = PBXFileReference; lastKnownFileType = sourcecode.swift; path = twitter_cloneUITests.swift; sourceTree = "<group>"; };
		F4F1DE2C29E478B30097DBD3 /* twitter_cloneUITestsLaunchTests.swift */ = {isa = PBXFileReference; lastKnownFileType = sourcecode.swift; path = twitter_cloneUITestsLaunchTests.swift; sourceTree = "<group>"; };
		F4F1DE3F29E47A230097DBD3 /* MainTabController.swift */ = {isa = PBXFileReference; lastKnownFileType = sourcecode.swift; path = MainTabController.swift; sourceTree = "<group>"; };
		F4F1DE4129E47CB20097DBD3 /* FeedController.swift */ = {isa = PBXFileReference; lastKnownFileType = sourcecode.swift; path = FeedController.swift; sourceTree = "<group>"; };
		F4F1DE4329E47CD80097DBD3 /* ExploreController.swift */ = {isa = PBXFileReference; lastKnownFileType = sourcecode.swift; path = ExploreController.swift; sourceTree = "<group>"; };
		F4F1DE4529E47CF20097DBD3 /* NotificationsController.swift */ = {isa = PBXFileReference; lastKnownFileType = sourcecode.swift; path = NotificationsController.swift; sourceTree = "<group>"; };
		F4F1DE4729E47D080097DBD3 /* ConversationsController.swift */ = {isa = PBXFileReference; lastKnownFileType = sourcecode.swift; path = ConversationsController.swift; sourceTree = "<group>"; };
		F4F1DE4929E4876C0097DBD3 /* Extensions.swift */ = {isa = PBXFileReference; fileEncoding = 4; lastKnownFileType = sourcecode.swift; path = Extensions.swift; sourceTree = "<group>"; };
		F4F1DE4C29E48EDD0097DBD3 /* LoginController.swift */ = {isa = PBXFileReference; lastKnownFileType = sourcecode.swift; path = LoginController.swift; sourceTree = "<group>"; };
		F4F1DE4E29E48F250097DBD3 /* RegistrationController.swift */ = {isa = PBXFileReference; lastKnownFileType = sourcecode.swift; path = RegistrationController.swift; sourceTree = "<group>"; };
		F4F1DE5029E494300097DBD3 /* Utilities.swift */ = {isa = PBXFileReference; lastKnownFileType = sourcecode.swift; path = Utilities.swift; sourceTree = "<group>"; };
/* End PBXFileReference section */

/* Begin PBXFrameworksBuildPhase section */
		F4F1DE0329E478B10097DBD3 /* Frameworks */ = {
			isa = PBXFrameworksBuildPhase;
			buildActionMask = 2147483647;
			files = (
				58711A4706CA4A87B3C6EEA0 /* Pods_twitter_clone.framework in Frameworks */,
			);
			runOnlyForDeploymentPostprocessing = 0;
		};
		F4F1DE1929E478B30097DBD3 /* Frameworks */ = {
			isa = PBXFrameworksBuildPhase;
			buildActionMask = 2147483647;
			files = (
				1B0252CF8AC1D38B6D7B92A5 /* Pods_twitter_cloneTests.framework in Frameworks */,
			);
			runOnlyForDeploymentPostprocessing = 0;
		};
		F4F1DE2329E478B30097DBD3 /* Frameworks */ = {
			isa = PBXFrameworksBuildPhase;
			buildActionMask = 2147483647;
			files = (
				10DAE551ADFC70CB3CC1A42A /* Pods_twitter_clone_twitter_cloneUITests.framework in Frameworks */,
			);
			runOnlyForDeploymentPostprocessing = 0;
		};
/* End PBXFrameworksBuildPhase section */

/* Begin PBXGroup section */
		958B5B4BB75B6CC526780158 /* Pods */ = {
			isa = PBXGroup;
			children = (
				82A9ED5FD3AAE9931E23B4A3 /* Pods-twitter-clone.debug.xcconfig */,
				E3CA48CDD61BAC382AD21D01 /* Pods-twitter-clone.release.xcconfig */,
				AB1ED9960865FACD0A796928 /* Pods-twitter-clone-twitter-cloneUITests.debug.xcconfig */,
				D31615A4B191869FD6C285BB /* Pods-twitter-clone-twitter-cloneUITests.release.xcconfig */,
				6FEFA97E510C58E5EBA8715C /* Pods-twitter-cloneTests.debug.xcconfig */,
				0966AE8B7203DDE2B8C49195 /* Pods-twitter-cloneTests.release.xcconfig */,
			);
			path = Pods;
			sourceTree = "<group>";
		};
		A0A66BA77CD84FD2D8E430BE /* Frameworks */ = {
			isa = PBXGroup;
			children = (
				5E35A919E1A4CA038BE4CB08 /* Pods_twitter_clone.framework */,
				7A5C2ABFC203617CECBD48FF /* Pods_twitter_clone_twitter_cloneUITests.framework */,
				B92023826BEBDD12AE83CAA8 /* Pods_twitter_cloneTests.framework */,
			);
			name = Frameworks;
			sourceTree = "<group>";
		};
		F4F1DDFD29E478B10097DBD3 = {
			isa = PBXGroup;
			children = (
				F4F1DE0829E478B10097DBD3 /* twitter-clone */,
				F4F1DE1F29E478B30097DBD3 /* twitter-cloneTests */,
				F4F1DE2929E478B30097DBD3 /* twitter-cloneUITests */,
				F4F1DE0729E478B10097DBD3 /* Products */,
				958B5B4BB75B6CC526780158 /* Pods */,
				A0A66BA77CD84FD2D8E430BE /* Frameworks */,
			);
			sourceTree = "<group>";
		};
		F4F1DE0729E478B10097DBD3 /* Products */ = {
			isa = PBXGroup;
			children = (
				F4F1DE0629E478B10097DBD3 /* twitter-clone.app */,
				F4F1DE1C29E478B30097DBD3 /* twitter-cloneTests.xctest */,
				F4F1DE2629E478B30097DBD3 /* twitter-cloneUITests.xctest */,
			);
			name = Products;
			sourceTree = "<group>";
		};
		F4F1DE0829E478B10097DBD3 /* twitter-clone */ = {
			isa = PBXGroup;
			children = (
				F4F1DE3E29E4799B0097DBD3 /* Utils */,
				F4F1DE3D29E479820097DBD3 /* Model */,
				F4F1DE3C29E4797D0097DBD3 /* View */,
				F4F1DE3B29E4797B0097DBD3 /* ViewModel */,
				F4F1DE3A29E479790097DBD3 /* Controller */,
				F4F1DE3929E479770097DBD3 /* API */,
				F4F1DE0929E478B10097DBD3 /* AppDelegate.swift */,
				F4F1DE0B29E478B10097DBD3 /* SceneDelegate.swift */,
				F4F1DE1229E478B20097DBD3 /* Assets.xcassets */,
				F4C5A60A29E5DA9F00182972 /* GoogleService-Info.plist */,
				F4F1DE1429E478B20097DBD3 /* LaunchScreen.storyboard */,
				F4F1DE1729E478B20097DBD3 /* Info.plist */,
			);
			path = "twitter-clone";
			sourceTree = "<group>";
		};
		F4F1DE1F29E478B30097DBD3 /* twitter-cloneTests */ = {
			isa = PBXGroup;
			children = (
				F4F1DE2029E478B30097DBD3 /* twitter_cloneTests.swift */,
			);
			path = "twitter-cloneTests";
			sourceTree = "<group>";
		};
		F4F1DE2929E478B30097DBD3 /* twitter-cloneUITests */ = {
			isa = PBXGroup;
			children = (
				F4F1DE2A29E478B30097DBD3 /* twitter_cloneUITests.swift */,
				F4F1DE2C29E478B30097DBD3 /* twitter_cloneUITestsLaunchTests.swift */,
			);
			path = "twitter-cloneUITests";
			sourceTree = "<group>";
		};
		F4F1DE3929E479770097DBD3 /* API */ = {
			isa = PBXGroup;
			children = (
				F4C5A60E29E5E96200182972 /* AuthService.swift */,
				F47486FA29E6A082009D988F /* UserService.swift */,
				F427A19F29E73D1C00C3390A /* TweetService.swift */,
			);
			path = API;
			sourceTree = "<group>";
		};
		F4F1DE3A29E479790097DBD3 /* Controller */ = {
			isa = PBXGroup;
			children = (
				F4F1DE4B29E48EC20097DBD3 /* Authentication */,
				F4F1DE3F29E47A230097DBD3 /* MainTabController.swift */,
				F4F1DE4129E47CB20097DBD3 /* FeedController.swift */,
				F4F1DE4329E47CD80097DBD3 /* ExploreController.swift */,
				F4F1DE4529E47CF20097DBD3 /* NotificationsController.swift */,
				F4F1DE4729E47D080097DBD3 /* ConversationsController.swift */,
				F427A19B29E72E1E00C3390A /* UploadTweetController.swift */,
			);
			path = Controller;
			sourceTree = "<group>";
		};
		F4F1DE3B29E4797B0097DBD3 /* ViewModel */ = {
			isa = PBXGroup;
			children = (
				F48BEB1529E88EC200AE8DC1 /* TweetViewModel.swift */,
			);
			path = ViewModel;
			sourceTree = "<group>";
		};
		F4F1DE3C29E4797D0097DBD3 /* View */ = {
			isa = PBXGroup;
			children = (
				F427A19D29E7354300C3390A /* CaptionTextView.swift */,
				F48BEB1329E8829200AE8DC1 /* TweetCell.swift */,
			);
			name = View;
			sourceTree = "<group>";
		};
		F4F1DE3D29E479820097DBD3 /* Model */ = {
			isa = PBXGroup;
			children = (
				F47486FC29E6A6BB009D988F /* User.swift */,
				F427A1A129E73F6600C3390A /* Tweet.swift */,
			);
			path = Model;
			sourceTree = "<group>";
		};
		F4F1DE3E29E4799B0097DBD3 /* Utils */ = {
			isa = PBXGroup;
			children = (
				F4F1DE4929E4876C0097DBD3 /* Extensions.swift */,
				F4F1DE5029E494300097DBD3 /* Utilities.swift */,
				F4C5A60C29E5E4FF00182972 /* Constants.swift */,
			);
			path = Utils;
			sourceTree = "<group>";
		};
		F4F1DE4B29E48EC20097DBD3 /* Authentication */ = {
			isa = PBXGroup;
			children = (
				F4F1DE4C29E48EDD0097DBD3 /* LoginController.swift */,
				F4F1DE4E29E48F250097DBD3 /* RegistrationController.swift */,
			);
			path = Authentication;
			sourceTree = "<group>";
		};
/* End PBXGroup section */

/* Begin PBXNativeTarget section */
		F4F1DE0529E478B10097DBD3 /* twitter-clone */ = {
			isa = PBXNativeTarget;
			buildConfigurationList = F4F1DE3029E478B30097DBD3 /* Build configuration list for PBXNativeTarget "twitter-clone" */;
			buildPhases = (
				AAC622F2E46E2EF2B58512FC /* [CP] Check Pods Manifest.lock */,
				F4F1DE0229E478B10097DBD3 /* Sources */,
				F4F1DE0329E478B10097DBD3 /* Frameworks */,
				F4F1DE0429E478B10097DBD3 /* Resources */,
				876C78F049310BBAE92A0326 /* [CP] Embed Pods Frameworks */,
			);
			buildRules = (
			);
			dependencies = (
			);
			name = "twitter-clone";
			productName = "twitter-clone";
			productReference = F4F1DE0629E478B10097DBD3 /* twitter-clone.app */;
			productType = "com.apple.product-type.application";
		};
		F4F1DE1B29E478B30097DBD3 /* twitter-cloneTests */ = {
			isa = PBXNativeTarget;
			buildConfigurationList = F4F1DE3329E478B30097DBD3 /* Build configuration list for PBXNativeTarget "twitter-cloneTests" */;
			buildPhases = (
				144510BAD0E76A059EB6EEC2 /* [CP] Check Pods Manifest.lock */,
				F4F1DE1829E478B30097DBD3 /* Sources */,
				F4F1DE1929E478B30097DBD3 /* Frameworks */,
				F4F1DE1A29E478B30097DBD3 /* Resources */,
			);
			buildRules = (
			);
			dependencies = (
				F4F1DE1E29E478B30097DBD3 /* PBXTargetDependency */,
			);
			name = "twitter-cloneTests";
			productName = "twitter-cloneTests";
			productReference = F4F1DE1C29E478B30097DBD3 /* twitter-cloneTests.xctest */;
			productType = "com.apple.product-type.bundle.unit-test";
		};
		F4F1DE2529E478B30097DBD3 /* twitter-cloneUITests */ = {
			isa = PBXNativeTarget;
			buildConfigurationList = F4F1DE3629E478B30097DBD3 /* Build configuration list for PBXNativeTarget "twitter-cloneUITests" */;
			buildPhases = (
				61ACF2B052DA57AA9423830C /* [CP] Check Pods Manifest.lock */,
				F4F1DE2229E478B30097DBD3 /* Sources */,
				F4F1DE2329E478B30097DBD3 /* Frameworks */,
				F4F1DE2429E478B30097DBD3 /* Resources */,
				78AFF9614A3AE03030F3CBF2 /* [CP] Embed Pods Frameworks */,
			);
			buildRules = (
			);
			dependencies = (
				F4F1DE2829E478B30097DBD3 /* PBXTargetDependency */,
			);
			name = "twitter-cloneUITests";
			productName = "twitter-cloneUITests";
			productReference = F4F1DE2629E478B30097DBD3 /* twitter-cloneUITests.xctest */;
			productType = "com.apple.product-type.bundle.ui-testing";
		};
/* End PBXNativeTarget section */

/* Begin PBXProject section */
		F4F1DDFE29E478B10097DBD3 /* Project object */ = {
			isa = PBXProject;
			attributes = {
				BuildIndependentTargetsInParallel = 1;
				LastSwiftUpdateCheck = 1430;
				LastUpgradeCheck = 1430;
				TargetAttributes = {
					F4F1DE0529E478B10097DBD3 = {
						CreatedOnToolsVersion = 14.3;
					};
					F4F1DE1B29E478B30097DBD3 = {
						CreatedOnToolsVersion = 14.3;
						TestTargetID = F4F1DE0529E478B10097DBD3;
					};
					F4F1DE2529E478B30097DBD3 = {
						CreatedOnToolsVersion = 14.3;
						TestTargetID = F4F1DE0529E478B10097DBD3;
					};
				};
			};
			buildConfigurationList = F4F1DE0129E478B10097DBD3 /* Build configuration list for PBXProject "twitter-clone" */;
			compatibilityVersion = "Xcode 13.0";
			developmentRegion = en;
			hasScannedForEncodings = 0;
			knownRegions = (
				en,
				Base,
			);
			mainGroup = F4F1DDFD29E478B10097DBD3;
			productRefGroup = F4F1DE0729E478B10097DBD3 /* Products */;
			projectDirPath = "";
			projectRoot = "";
			targets = (
				F4F1DE0529E478B10097DBD3 /* twitter-clone */,
				F4F1DE1B29E478B30097DBD3 /* twitter-cloneTests */,
				F4F1DE2529E478B30097DBD3 /* twitter-cloneUITests */,
			);
		};
/* End PBXProject section */

/* Begin PBXResourcesBuildPhase section */
		F4F1DE0429E478B10097DBD3 /* Resources */ = {
			isa = PBXResourcesBuildPhase;
			buildActionMask = 2147483647;
			files = (
				F4F1DE1629E478B20097DBD3 /* LaunchScreen.storyboard in Resources */,
				F4F1DE1329E478B20097DBD3 /* Assets.xcassets in Resources */,
				F4C5A60B29E5DA9F00182972 /* GoogleService-Info.plist in Resources */,
			);
			runOnlyForDeploymentPostprocessing = 0;
		};
		F4F1DE1A29E478B30097DBD3 /* Resources */ = {
			isa = PBXResourcesBuildPhase;
			buildActionMask = 2147483647;
			files = (
			);
			runOnlyForDeploymentPostprocessing = 0;
		};
		F4F1DE2429E478B30097DBD3 /* Resources */ = {
			isa = PBXResourcesBuildPhase;
			buildActionMask = 2147483647;
			files = (
			);
			runOnlyForDeploymentPostprocessing = 0;
		};
/* End PBXResourcesBuildPhase section */

/* Begin PBXShellScriptBuildPhase section */
		144510BAD0E76A059EB6EEC2 /* [CP] Check Pods Manifest.lock */ = {
			isa = PBXShellScriptBuildPhase;
			buildActionMask = 2147483647;
			files = (
			);
			inputFileListPaths = (
			);
			inputPaths = (
				"${PODS_PODFILE_DIR_PATH}/Podfile.lock",
				"${PODS_ROOT}/Manifest.lock",
			);
			name = "[CP] Check Pods Manifest.lock";
			outputFileListPaths = (
			);
			outputPaths = (
				"$(DERIVED_FILE_DIR)/Pods-twitter-cloneTests-checkManifestLockResult.txt",
			);
			runOnlyForDeploymentPostprocessing = 0;
			shellPath = /bin/sh;
			shellScript = "diff \"${PODS_PODFILE_DIR_PATH}/Podfile.lock\" \"${PODS_ROOT}/Manifest.lock\" > /dev/null\nif [ $? != 0 ] ; then\n    # print error to STDERR\n    echo \"error: The sandbox is not in sync with the Podfile.lock. Run 'pod install' or update your CocoaPods installation.\" >&2\n    exit 1\nfi\n# This output is used by Xcode 'outputs' to avoid re-running this script phase.\necho \"SUCCESS\" > \"${SCRIPT_OUTPUT_FILE_0}\"\n";
			showEnvVarsInLog = 0;
		};
		61ACF2B052DA57AA9423830C /* [CP] Check Pods Manifest.lock */ = {
			isa = PBXShellScriptBuildPhase;
			buildActionMask = 2147483647;
			files = (
			);
			inputFileListPaths = (
			);
			inputPaths = (
				"${PODS_PODFILE_DIR_PATH}/Podfile.lock",
				"${PODS_ROOT}/Manifest.lock",
			);
			name = "[CP] Check Pods Manifest.lock";
			outputFileListPaths = (
			);
			outputPaths = (
				"$(DERIVED_FILE_DIR)/Pods-twitter-clone-twitter-cloneUITests-checkManifestLockResult.txt",
			);
			runOnlyForDeploymentPostprocessing = 0;
			shellPath = /bin/sh;
			shellScript = "diff \"${PODS_PODFILE_DIR_PATH}/Podfile.lock\" \"${PODS_ROOT}/Manifest.lock\" > /dev/null\nif [ $? != 0 ] ; then\n    # print error to STDERR\n    echo \"error: The sandbox is not in sync with the Podfile.lock. Run 'pod install' or update your CocoaPods installation.\" >&2\n    exit 1\nfi\n# This output is used by Xcode 'outputs' to avoid re-running this script phase.\necho \"SUCCESS\" > \"${SCRIPT_OUTPUT_FILE_0}\"\n";
			showEnvVarsInLog = 0;
		};
		78AFF9614A3AE03030F3CBF2 /* [CP] Embed Pods Frameworks */ = {
			isa = PBXShellScriptBuildPhase;
			buildActionMask = 2147483647;
			files = (
			);
			inputFileListPaths = (
				"${PODS_ROOT}/Target Support Files/Pods-twitter-clone-twitter-cloneUITests/Pods-twitter-clone-twitter-cloneUITests-frameworks-${CONFIGURATION}-input-files.xcfilelist",
			);
			name = "[CP] Embed Pods Frameworks";
			outputFileListPaths = (
				"${PODS_ROOT}/Target Support Files/Pods-twitter-clone-twitter-cloneUITests/Pods-twitter-clone-twitter-cloneUITests-frameworks-${CONFIGURATION}-output-files.xcfilelist",
			);
			runOnlyForDeploymentPostprocessing = 0;
			shellPath = /bin/sh;
			shellScript = "\"${PODS_ROOT}/Target Support Files/Pods-twitter-clone-twitter-cloneUITests/Pods-twitter-clone-twitter-cloneUITests-frameworks.sh\"\n";
			showEnvVarsInLog = 0;
		};
		876C78F049310BBAE92A0326 /* [CP] Embed Pods Frameworks */ = {
			isa = PBXShellScriptBuildPhase;
			buildActionMask = 2147483647;
			files = (
			);
			inputFileListPaths = (
				"${PODS_ROOT}/Target Support Files/Pods-twitter-clone/Pods-twitter-clone-frameworks-${CONFIGURATION}-input-files.xcfilelist",
			);
			name = "[CP] Embed Pods Frameworks";
			outputFileListPaths = (
				"${PODS_ROOT}/Target Support Files/Pods-twitter-clone/Pods-twitter-clone-frameworks-${CONFIGURATION}-output-files.xcfilelist",
			);
			runOnlyForDeploymentPostprocessing = 0;
			shellPath = /bin/sh;
			shellScript = "\"${PODS_ROOT}/Target Support Files/Pods-twitter-clone/Pods-twitter-clone-frameworks.sh\"\n";
			showEnvVarsInLog = 0;
		};
		AAC622F2E46E2EF2B58512FC /* [CP] Check Pods Manifest.lock */ = {
			isa = PBXShellScriptBuildPhase;
			buildActionMask = 2147483647;
			files = (
			);
			inputFileListPaths = (
			);
			inputPaths = (
				"${PODS_PODFILE_DIR_PATH}/Podfile.lock",
				"${PODS_ROOT}/Manifest.lock",
			);
			name = "[CP] Check Pods Manifest.lock";
			outputFileListPaths = (
			);
			outputPaths = (
				"$(DERIVED_FILE_DIR)/Pods-twitter-clone-checkManifestLockResult.txt",
			);
			runOnlyForDeploymentPostprocessing = 0;
			shellPath = /bin/sh;
			shellScript = "diff \"${PODS_PODFILE_DIR_PATH}/Podfile.lock\" \"${PODS_ROOT}/Manifest.lock\" > /dev/null\nif [ $? != 0 ] ; then\n    # print error to STDERR\n    echo \"error: The sandbox is not in sync with the Podfile.lock. Run 'pod install' or update your CocoaPods installation.\" >&2\n    exit 1\nfi\n# This output is used by Xcode 'outputs' to avoid re-running this script phase.\necho \"SUCCESS\" > \"${SCRIPT_OUTPUT_FILE_0}\"\n";
			showEnvVarsInLog = 0;
		};
/* End PBXShellScriptBuildPhase section */

/* Begin PBXSourcesBuildPhase section */
		F4F1DE0229E478B10097DBD3 /* Sources */ = {
			isa = PBXSourcesBuildPhase;
			buildActionMask = 2147483647;
			files = (
				F47486FB29E6A082009D988F /* UserService.swift in Sources */,
				F4F1DE4F29E48F250097DBD3 /* RegistrationController.swift in Sources */,
				F427A19E29E7354300C3390A /* CaptionTextView.swift in Sources */,
				F4F1DE4629E47CF20097DBD3 /* NotificationsController.swift in Sources */,
				F4F1DE5129E494300097DBD3 /* Utilities.swift in Sources */,
				F4F1DE0A29E478B10097DBD3 /* AppDelegate.swift in Sources */,
				F4F1DE4429E47CD80097DBD3 /* ExploreController.swift in Sources */,
				F48BEB1429E8829200AE8DC1 /* TweetCell.swift in Sources */,
				F4F1DE4A29E4876C0097DBD3 /* Extensions.swift in Sources */,
				F4C5A60F29E5E96200182972 /* AuthService.swift in Sources */,
				F427A19C29E72E1E00C3390A /* UploadTweetController.swift in Sources */,
				F47486FD29E6A6BB009D988F /* User.swift in Sources */,
				F4F1DE4D29E48EDD0097DBD3 /* LoginController.swift in Sources */,
				F4F1DE0C29E478B10097DBD3 /* SceneDelegate.swift in Sources */,
				F4F1DE4029E47A230097DBD3 /* MainTabController.swift in Sources */,
				F48BEB1629E88EC200AE8DC1 /* TweetViewModel.swift in Sources */,
				F4F1DE4829E47D080097DBD3 /* ConversationsController.swift in Sources */,
				F4F1DE4229E47CB20097DBD3 /* FeedController.swift in Sources */,
				F4C5A60D29E5E4FF00182972 /* Constants.swift in Sources */,
				F427A1A229E73F6600C3390A /* Tweet.swift in Sources */,
				F427A1A029E73D1C00C3390A /* TweetService.swift in Sources */,
			);
			runOnlyForDeploymentPostprocessing = 0;
		};
		F4F1DE1829E478B30097DBD3 /* Sources */ = {
			isa = PBXSourcesBuildPhase;
			buildActionMask = 2147483647;
			files = (
				F4F1DE2129E478B30097DBD3 /* twitter_cloneTests.swift in Sources */,
			);
			runOnlyForDeploymentPostprocessing = 0;
		};
		F4F1DE2229E478B30097DBD3 /* Sources */ = {
			isa = PBXSourcesBuildPhase;
			buildActionMask = 2147483647;
			files = (
				F4F1DE2D29E478B30097DBD3 /* twitter_cloneUITestsLaunchTests.swift in Sources */,
				F4F1DE2B29E478B30097DBD3 /* twitter_cloneUITests.swift in Sources */,
			);
			runOnlyForDeploymentPostprocessing = 0;
		};
/* End PBXSourcesBuildPhase section */

/* Begin PBXTargetDependency section */
		F4F1DE1E29E478B30097DBD3 /* PBXTargetDependency */ = {
			isa = PBXTargetDependency;
			target = F4F1DE0529E478B10097DBD3 /* twitter-clone */;
			targetProxy = F4F1DE1D29E478B30097DBD3 /* PBXContainerItemProxy */;
		};
		F4F1DE2829E478B30097DBD3 /* PBXTargetDependency */ = {
			isa = PBXTargetDependency;
			target = F4F1DE0529E478B10097DBD3 /* twitter-clone */;
			targetProxy = F4F1DE2729E478B30097DBD3 /* PBXContainerItemProxy */;
		};
/* End PBXTargetDependency section */

/* Begin PBXVariantGroup section */
		F4F1DE1429E478B20097DBD3 /* LaunchScreen.storyboard */ = {
			isa = PBXVariantGroup;
			children = (
				F4F1DE1529E478B20097DBD3 /* Base */,
			);
			name = LaunchScreen.storyboard;
			sourceTree = "<group>";
		};
/* End PBXVariantGroup section */

/* Begin XCBuildConfiguration section */
		F4F1DE2E29E478B30097DBD3 /* Debug */ = {
			isa = XCBuildConfiguration;
			buildSettings = {
				ALWAYS_SEARCH_USER_PATHS = NO;
				CLANG_ANALYZER_NONNULL = YES;
				CLANG_ANALYZER_NUMBER_OBJECT_CONVERSION = YES_AGGRESSIVE;
				CLANG_CXX_LANGUAGE_STANDARD = "gnu++20";
				CLANG_ENABLE_MODULES = YES;
				CLANG_ENABLE_OBJC_ARC = YES;
				CLANG_ENABLE_OBJC_WEAK = YES;
				CLANG_WARN_BLOCK_CAPTURE_AUTORELEASING = YES;
				CLANG_WARN_BOOL_CONVERSION = YES;
				CLANG_WARN_COMMA = YES;
				CLANG_WARN_CONSTANT_CONVERSION = YES;
				CLANG_WARN_DEPRECATED_OBJC_IMPLEMENTATIONS = YES;
				CLANG_WARN_DIRECT_OBJC_ISA_USAGE = YES_ERROR;
				CLANG_WARN_DOCUMENTATION_COMMENTS = YES;
				CLANG_WARN_EMPTY_BODY = YES;
				CLANG_WARN_ENUM_CONVERSION = YES;
				CLANG_WARN_INFINITE_RECURSION = YES;
				CLANG_WARN_INT_CONVERSION = YES;
				CLANG_WARN_NON_LITERAL_NULL_CONVERSION = YES;
				CLANG_WARN_OBJC_IMPLICIT_RETAIN_SELF = YES;
				CLANG_WARN_OBJC_LITERAL_CONVERSION = YES;
				CLANG_WARN_OBJC_ROOT_CLASS = YES_ERROR;
				CLANG_WARN_QUOTED_INCLUDE_IN_FRAMEWORK_HEADER = YES;
				CLANG_WARN_RANGE_LOOP_ANALYSIS = YES;
				CLANG_WARN_STRICT_PROTOTYPES = YES;
				CLANG_WARN_SUSPICIOUS_MOVE = YES;
				CLANG_WARN_UNGUARDED_AVAILABILITY = YES_AGGRESSIVE;
				CLANG_WARN_UNREACHABLE_CODE = YES;
				CLANG_WARN__DUPLICATE_METHOD_MATCH = YES;
				COPY_PHASE_STRIP = NO;
				DEBUG_INFORMATION_FORMAT = dwarf;
				ENABLE_STRICT_OBJC_MSGSEND = YES;
				ENABLE_TESTABILITY = YES;
				GCC_C_LANGUAGE_STANDARD = gnu11;
				GCC_DYNAMIC_NO_PIC = NO;
				GCC_NO_COMMON_BLOCKS = YES;
				GCC_OPTIMIZATION_LEVEL = 0;
				GCC_PREPROCESSOR_DEFINITIONS = (
					"DEBUG=1",
					"$(inherited)",
				);
				GCC_WARN_64_TO_32_BIT_CONVERSION = YES;
				GCC_WARN_ABOUT_RETURN_TYPE = YES_ERROR;
				GCC_WARN_UNDECLARED_SELECTOR = YES;
				GCC_WARN_UNINITIALIZED_AUTOS = YES_AGGRESSIVE;
				GCC_WARN_UNUSED_FUNCTION = YES;
				GCC_WARN_UNUSED_VARIABLE = YES;
				IPHONEOS_DEPLOYMENT_TARGET = 16.4;
				MTL_ENABLE_DEBUG_INFO = INCLUDE_SOURCE;
				MTL_FAST_MATH = YES;
				ONLY_ACTIVE_ARCH = YES;
				SDKROOT = iphoneos;
				SWIFT_ACTIVE_COMPILATION_CONDITIONS = DEBUG;
				SWIFT_OPTIMIZATION_LEVEL = "-Onone";
			};
			name = Debug;
		};
		F4F1DE2F29E478B30097DBD3 /* Release */ = {
			isa = XCBuildConfiguration;
			buildSettings = {
				ALWAYS_SEARCH_USER_PATHS = NO;
				CLANG_ANALYZER_NONNULL = YES;
				CLANG_ANALYZER_NUMBER_OBJECT_CONVERSION = YES_AGGRESSIVE;
				CLANG_CXX_LANGUAGE_STANDARD = "gnu++20";
				CLANG_ENABLE_MODULES = YES;
				CLANG_ENABLE_OBJC_ARC = YES;
				CLANG_ENABLE_OBJC_WEAK = YES;
				CLANG_WARN_BLOCK_CAPTURE_AUTORELEASING = YES;
				CLANG_WARN_BOOL_CONVERSION = YES;
				CLANG_WARN_COMMA = YES;
				CLANG_WARN_CONSTANT_CONVERSION = YES;
				CLANG_WARN_DEPRECATED_OBJC_IMPLEMENTATIONS = YES;
				CLANG_WARN_DIRECT_OBJC_ISA_USAGE = YES_ERROR;
				CLANG_WARN_DOCUMENTATION_COMMENTS = YES;
				CLANG_WARN_EMPTY_BODY = YES;
				CLANG_WARN_ENUM_CONVERSION = YES;
				CLANG_WARN_INFINITE_RECURSION = YES;
				CLANG_WARN_INT_CONVERSION = YES;
				CLANG_WARN_NON_LITERAL_NULL_CONVERSION = YES;
				CLANG_WARN_OBJC_IMPLICIT_RETAIN_SELF = YES;
				CLANG_WARN_OBJC_LITERAL_CONVERSION = YES;
				CLANG_WARN_OBJC_ROOT_CLASS = YES_ERROR;
				CLANG_WARN_QUOTED_INCLUDE_IN_FRAMEWORK_HEADER = YES;
				CLANG_WARN_RANGE_LOOP_ANALYSIS = YES;
				CLANG_WARN_STRICT_PROTOTYPES = YES;
				CLANG_WARN_SUSPICIOUS_MOVE = YES;
				CLANG_WARN_UNGUARDED_AVAILABILITY = YES_AGGRESSIVE;
				CLANG_WARN_UNREACHABLE_CODE = YES;
				CLANG_WARN__DUPLICATE_METHOD_MATCH = YES;
				COPY_PHASE_STRIP = NO;
				DEBUG_INFORMATION_FORMAT = "dwarf-with-dsym";
				ENABLE_NS_ASSERTIONS = NO;
				ENABLE_STRICT_OBJC_MSGSEND = YES;
				GCC_C_LANGUAGE_STANDARD = gnu11;
				GCC_NO_COMMON_BLOCKS = YES;
				GCC_WARN_64_TO_32_BIT_CONVERSION = YES;
				GCC_WARN_ABOUT_RETURN_TYPE = YES_ERROR;
				GCC_WARN_UNDECLARED_SELECTOR = YES;
				GCC_WARN_UNINITIALIZED_AUTOS = YES_AGGRESSIVE;
				GCC_WARN_UNUSED_FUNCTION = YES;
				GCC_WARN_UNUSED_VARIABLE = YES;
				IPHONEOS_DEPLOYMENT_TARGET = 16.4;
				MTL_ENABLE_DEBUG_INFO = NO;
				MTL_FAST_MATH = YES;
				SDKROOT = iphoneos;
				SWIFT_COMPILATION_MODE = wholemodule;
				SWIFT_OPTIMIZATION_LEVEL = "-O";
				VALIDATE_PRODUCT = YES;
			};
			name = Release;
		};
		F4F1DE3129E478B30097DBD3 /* Debug */ = {
			isa = XCBuildConfiguration;
			baseConfigurationReference = 82A9ED5FD3AAE9931E23B4A3 /* Pods-twitter-clone.debug.xcconfig */;
			buildSettings = {
				ASSETCATALOG_COMPILER_APPICON_NAME = AppIcon;
				ASSETCATALOG_COMPILER_GLOBAL_ACCENT_COLOR_NAME = AccentColor;
				CODE_SIGN_STYLE = Automatic;
				CURRENT_PROJECT_VERSION = 1;
				DEVELOPMENT_TEAM = UM5JNC6JYW;
				GENERATE_INFOPLIST_FILE = YES;
				INFOPLIST_FILE = "twitter-clone/Info.plist";
				INFOPLIST_KEY_UIApplicationSupportsIndirectInputEvents = YES;
				INFOPLIST_KEY_UILaunchStoryboardName = LaunchScreen;
				INFOPLIST_KEY_UIMainStoryboardFile = "";
				INFOPLIST_KEY_UIStatusBarStyle = "";
				INFOPLIST_KEY_UISupportedInterfaceOrientations_iPad = "UIInterfaceOrientationPortrait UIInterfaceOrientationPortraitUpsideDown UIInterfaceOrientationLandscapeLeft UIInterfaceOrientationLandscapeRight";
				INFOPLIST_KEY_UISupportedInterfaceOrientations_iPhone = "UIInterfaceOrientationPortrait UIInterfaceOrientationLandscapeLeft UIInterfaceOrientationLandscapeRight";
				IPHONEOS_DEPLOYMENT_TARGET = 13.3;
				LD_RUNPATH_SEARCH_PATHS = (
					"$(inherited)",
					"@executable_path/Frameworks",
				);
				MARKETING_VERSION = 1.0;
				PRODUCT_BUNDLE_IDENTIFIER = "com.gilang.twitter-clone";
				PRODUCT_NAME = "$(TARGET_NAME)";
				SUPPORTED_PLATFORMS = "iphoneos iphonesimulator";
				SUPPORTS_MACCATALYST = NO;
				SUPPORTS_MAC_DESIGNED_FOR_IPHONE_IPAD = NO;
				SWIFT_EMIT_LOC_STRINGS = YES;
				SWIFT_VERSION = 5.0;
				TARGETED_DEVICE_FAMILY = 1;
			};
			name = Debug;
		};
		F4F1DE3229E478B30097DBD3 /* Release */ = {
			isa = XCBuildConfiguration;
			baseConfigurationReference = E3CA48CDD61BAC382AD21D01 /* Pods-twitter-clone.release.xcconfig */;
			buildSettings = {
				ASSETCATALOG_COMPILER_APPICON_NAME = AppIcon;
				ASSETCATALOG_COMPILER_GLOBAL_ACCENT_COLOR_NAME = AccentColor;
				CODE_SIGN_STYLE = Automatic;
				CURRENT_PROJECT_VERSION = 1;
				DEVELOPMENT_TEAM = UM5JNC6JYW;
				GENERATE_INFOPLIST_FILE = YES;
				INFOPLIST_FILE = "twitter-clone/Info.plist";
				INFOPLIST_KEY_UIApplicationSupportsIndirectInputEvents = YES;
				INFOPLIST_KEY_UILaunchStoryboardName = LaunchScreen;
				INFOPLIST_KEY_UIMainStoryboardFile = "";
				INFOPLIST_KEY_UIStatusBarStyle = "";
				INFOPLIST_KEY_UISupportedInterfaceOrientations_iPad = "UIInterfaceOrientationPortrait UIInterfaceOrientationPortraitUpsideDown UIInterfaceOrientationLandscapeLeft UIInterfaceOrientationLandscapeRight";
				INFOPLIST_KEY_UISupportedInterfaceOrientations_iPhone = "UIInterfaceOrientationPortrait UIInterfaceOrientationLandscapeLeft UIInterfaceOrientationLandscapeRight";
				IPHONEOS_DEPLOYMENT_TARGET = 13.3;
				LD_RUNPATH_SEARCH_PATHS = (
					"$(inherited)",
					"@executable_path/Frameworks",
				);
				MARKETING_VERSION = 1.0;
				PRODUCT_BUNDLE_IDENTIFIER = "com.gilang.twitter-clone";
				PRODUCT_NAME = "$(TARGET_NAME)";
				SUPPORTED_PLATFORMS = "iphoneos iphonesimulator";
				SUPPORTS_MACCATALYST = NO;
				SUPPORTS_MAC_DESIGNED_FOR_IPHONE_IPAD = NO;
				SWIFT_EMIT_LOC_STRINGS = YES;
				SWIFT_VERSION = 5.0;
				TARGETED_DEVICE_FAMILY = 1;
			};
			name = Release;
		};
		F4F1DE3429E478B30097DBD3 /* Debug */ = {
			isa = XCBuildConfiguration;
			baseConfigurationReference = 6FEFA97E510C58E5EBA8715C /* Pods-twitter-cloneTests.debug.xcconfig */;
			buildSettings = {
				ALWAYS_EMBED_SWIFT_STANDARD_LIBRARIES = YES;
				BUNDLE_LOADER = "$(TEST_HOST)";
				CODE_SIGN_STYLE = Automatic;
				CURRENT_PROJECT_VERSION = 1;
				DEVELOPMENT_TEAM = UM5JNC6JYW;
				GENERATE_INFOPLIST_FILE = YES;
				IPHONEOS_DEPLOYMENT_TARGET = 16.4;
				MARKETING_VERSION = 1.0;
				PRODUCT_BUNDLE_IDENTIFIER = "com.gilang.twitter-cloneTests";
				PRODUCT_NAME = "$(TARGET_NAME)";
				SWIFT_EMIT_LOC_STRINGS = NO;
				SWIFT_VERSION = 5.0;
				TARGETED_DEVICE_FAMILY = "1,2";
				TEST_HOST = "$(BUILT_PRODUCTS_DIR)/twitter-clone.app/$(BUNDLE_EXECUTABLE_FOLDER_PATH)/twitter-clone";
			};
			name = Debug;
		};
		F4F1DE3529E478B30097DBD3 /* Release */ = {
			isa = XCBuildConfiguration;
			baseConfigurationReference = 0966AE8B7203DDE2B8C49195 /* Pods-twitter-cloneTests.release.xcconfig */;
			buildSettings = {
				ALWAYS_EMBED_SWIFT_STANDARD_LIBRARIES = YES;
				BUNDLE_LOADER = "$(TEST_HOST)";
				CODE_SIGN_STYLE = Automatic;
				CURRENT_PROJECT_VERSION = 1;
				DEVELOPMENT_TEAM = UM5JNC6JYW;
				GENERATE_INFOPLIST_FILE = YES;
				IPHONEOS_DEPLOYMENT_TARGET = 16.4;
				MARKETING_VERSION = 1.0;
				PRODUCT_BUNDLE_IDENTIFIER = "com.gilang.twitter-cloneTests";
				PRODUCT_NAME = "$(TARGET_NAME)";
				SWIFT_EMIT_LOC_STRINGS = NO;
				SWIFT_VERSION = 5.0;
				TARGETED_DEVICE_FAMILY = "1,2";
				TEST_HOST = "$(BUILT_PRODUCTS_DIR)/twitter-clone.app/$(BUNDLE_EXECUTABLE_FOLDER_PATH)/twitter-clone";
			};
			name = Release;
		};
		F4F1DE3729E478B30097DBD3 /* Debug */ = {
			isa = XCBuildConfiguration;
			baseConfigurationReference = AB1ED9960865FACD0A796928 /* Pods-twitter-clone-twitter-cloneUITests.debug.xcconfig */;
			buildSettings = {
				ALWAYS_EMBED_SWIFT_STANDARD_LIBRARIES = YES;
				CODE_SIGN_STYLE = Automatic;
				CURRENT_PROJECT_VERSION = 1;
				DEVELOPMENT_TEAM = UM5JNC6JYW;
				GENERATE_INFOPLIST_FILE = YES;
				MARKETING_VERSION = 1.0;
				PRODUCT_BUNDLE_IDENTIFIER = "com.gilang.twitter-cloneUITests";
				PRODUCT_NAME = "$(TARGET_NAME)";
				SWIFT_EMIT_LOC_STRINGS = NO;
				SWIFT_VERSION = 5.0;
				TARGETED_DEVICE_FAMILY = "1,2";
				TEST_TARGET_NAME = "twitter-clone";
			};
			name = Debug;
		};
		F4F1DE3829E478B30097DBD3 /* Release */ = {
			isa = XCBuildConfiguration;
			baseConfigurationReference = D31615A4B191869FD6C285BB /* Pods-twitter-clone-twitter-cloneUITests.release.xcconfig */;
			buildSettings = {
				ALWAYS_EMBED_SWIFT_STANDARD_LIBRARIES = YES;
				CODE_SIGN_STYLE = Automatic;
				CURRENT_PROJECT_VERSION = 1;
				DEVELOPMENT_TEAM = UM5JNC6JYW;
				GENERATE_INFOPLIST_FILE = YES;
				MARKETING_VERSION = 1.0;
				PRODUCT_BUNDLE_IDENTIFIER = "com.gilang.twitter-cloneUITests";
				PRODUCT_NAME = "$(TARGET_NAME)";
				SWIFT_EMIT_LOC_STRINGS = NO;
				SWIFT_VERSION = 5.0;
				TARGETED_DEVICE_FAMILY = "1,2";
				TEST_TARGET_NAME = "twitter-clone";
			};
			name = Release;
		};
/* End XCBuildConfiguration section */

/* Begin XCConfigurationList section */
		F4F1DE0129E478B10097DBD3 /* Build configuration list for PBXProject "twitter-clone" */ = {
			isa = XCConfigurationList;
			buildConfigurations = (
				F4F1DE2E29E478B30097DBD3 /* Debug */,
				F4F1DE2F29E478B30097DBD3 /* Release */,
			);
			defaultConfigurationIsVisible = 0;
			defaultConfigurationName = Release;
		};
		F4F1DE3029E478B30097DBD3 /* Build configuration list for PBXNativeTarget "twitter-clone" */ = {
			isa = XCConfigurationList;
			buildConfigurations = (
				F4F1DE3129E478B30097DBD3 /* Debug */,
				F4F1DE3229E478B30097DBD3 /* Release */,
			);
			defaultConfigurationIsVisible = 0;
			defaultConfigurationName = Release;
		};
		F4F1DE3329E478B30097DBD3 /* Build configuration list for PBXNativeTarget "twitter-cloneTests" */ = {
			isa = XCConfigurationList;
			buildConfigurations = (
				F4F1DE3429E478B30097DBD3 /* Debug */,
				F4F1DE3529E478B30097DBD3 /* Release */,
			);
			defaultConfigurationIsVisible = 0;
			defaultConfigurationName = Release;
		};
		F4F1DE3629E478B30097DBD3 /* Build configuration list for PBXNativeTarget "twitter-cloneUITests" */ = {
			isa = XCConfigurationList;
			buildConfigurations = (
				F4F1DE3729E478B30097DBD3 /* Debug */,
				F4F1DE3829E478B30097DBD3 /* Release */,
			);
			defaultConfigurationIsVisible = 0;
			defaultConfigurationName = Release;
		};
/* End XCConfigurationList section */
	};
	rootObject = F4F1DDFE29E478B10097DBD3 /* Project object */;
}
